
Microsoft Visual Studio Solution File, Format Version 12.00
# Visual Studio Version 17
VisualStudioVersion = 17.14.36310.24 d17.14
MinimumVisualStudioVersion = 10.0.40219.1
Project("{FAE04EC0-301F-11D3-BF4B-00C04F79EFBC}") = "TouristAttractionAPI", "TouristAttractionAPI\TouristAttractionAPI.csproj", "{0354FD94-21EB-4C86-8840-C6561A5DCF31}"
EndProject
Global
	GlobalSection(SolutionConfigurationPlatforms) = preSolution
		Debug|Any CPU = Debug|Any CPU
		Release|Any CPU = Release|Any CPU
	EndGlobalSection
	GlobalSection(ProjectConfigurationPlatforms) = postSolution
		{0354FD94-21EB-4C86-8840-C6561A5DCF31}.Debug|Any CPU.ActiveCfg = Debug|Any CPU
		{0354FD94-21EB-4C86-8840-C6561A5DCF31}.Debug|Any CPU.Build.0 = Debug|Any CPU
		{0354FD94-21EB-4C86-8840-C6561A5DCF31}.Release|Any CPU.ActiveCfg = Release|Any CPU
		{0354FD94-21EB-4C86-8840-C6561A5DCF31}.Release|Any CPU.Build.0 = Release|Any CPU
	EndGlobalSection
	GlobalSection(SolutionProperties) = preSolution
		HideSolutionNode = FALSE
	EndGlobalSection
	GlobalSection(ExtensibilityGlobals) = postSolution
		SolutionGuid = {59D7DF11-46F0-432D-9EB7-15FFCDFF9F6E}
	EndGlobalSection
EndGlobal
